<?xml version="1.0" encoding="utf-8"?>
<Project ToolsVersion="17.0" xmlns="http://schemas.microsoft.com/developer/msbuild/2003">
  <ItemGroup>
    <CustomBuild Include="D:\Projects\RouteFinder\build2\CMakeFiles\b2c2ea0ded53f35a5d1b6857ba829c81\generate.stamp.rule">
      <Filter>CMake Rules</Filter>
    </CustomBuild>
  </ItemGroup>
  <ItemGroup>
    <Filter Include="CMake Rules">
      <UniqueIdentifier>{4FC1F8A6-130A-3570-AA7F-391D947EAB4D}</UniqueIdentifier>
    </Filter>
  </ItemGroup>
</Project>
